
Microsoft Visual Studio Solution File, Format Version 12.00
# Visual Studio Version 17
VisualStudioVersion = 17.11.35219.272
MinimumVisualStudioVersion = 10.0.40219.1
Project("{FAE04EC0-301F-11D3-BF4B-00C04F79EFBC}") = "CuidadoWeb", "CuidadoWeb\CuidadoWeb.csproj", "{94A6300E-D4EF-4FED-8EE6-EA0B63731598}"
EndProject
Project("{FAE04EC0-301F-11D3-BF4B-00C04F79EFBC}") = "Core", "Core\Core.csproj", "{3D178C09-12BA-4634-A60B-9486D5AE56D5}"
EndProject
Global
	GlobalSection(SolutionConfigurationPlatforms) = preSolution
		Debug|Any CPU = Debug|Any CPU
		Release|Any CPU = Release|Any CPU
	EndGlobalSection
	GlobalSection(ProjectConfigurationPlatforms) = postSolution
		{94A6300E-D4EF-4FED-8EE6-EA0B63731598}.Debug|Any CPU.ActiveCfg = Debug|Any CPU
		{94A6300E-D4EF-4FED-8EE6-EA0B63731598}.Debug|Any CPU.Build.0 = Debug|Any CPU
		{94A6300E-D4EF-4FED-8EE6-EA0B63731598}.Release|Any CPU.ActiveCfg = Release|Any CPU
		{94A6300E-D4EF-4FED-8EE6-EA0B63731598}.Release|Any CPU.Build.0 = Release|Any CPU
		{3D178C09-12BA-4634-A60B-9486D5AE56D5}.Debug|Any CPU.ActiveCfg = Debug|Any CPU
		{3D178C09-12BA-4634-A60B-9486D5AE56D5}.Debug|Any CPU.Build.0 = Debug|Any CPU
		{3D178C09-12BA-4634-A60B-9486D5AE56D5}.Release|Any CPU.ActiveCfg = Release|Any CPU
		{3D178C09-12BA-4634-A60B-9486D5AE56D5}.Release|Any CPU.Build.0 = Release|Any CPU
	EndGlobalSection
	GlobalSection(SolutionProperties) = preSolution
		HideSolutionNode = FALSE
	EndGlobalSection
	GlobalSection(ExtensibilityGlobals) = postSolution
		SolutionGuid = {8D881FF8-FFE7-41DD-916A-3369EAB13E54}
	EndGlobalSection
EndGlobal
