
Microsoft Visual Studio Solution File, Format Version 12.00
# Visual Studio Version 17
VisualStudioVersion = 17.11.35219.272
MinimumVisualStudioVersion = 10.0.40219.1
Project("{9A19103F-16F7-4668-BE54-9A1E7A4F7556}") = "CuidadoWeb", "CuidadoWeb\CuidadoWeb.csproj", "{94A6300E-D4EF-4FED-8EE6-EA0B63731598}"
EndProject
Project("{9A19103F-16F7-4668-BE54-9A1E7A4F7556}") = "Core", "Core\Core.csproj", "{3D178C09-12BA-4634-A60B-9486D5AE56D5}"
EndProject
Project("{9A19103F-16F7-4668-BE54-9A1E7A4F7556}") = "Service", "Service\Service.csproj", "{B88694A5-408C-4424-BCB1-169DEB9AAEA1}"
EndProject
Project("{9A19103F-16F7-4668-BE54-9A1E7A4F7556}") = "Util", "Util\Util.csproj", "{D853F319-F867-4508-9F73-1AC420B0A16C}"
EndProject
Project("{FAE04EC0-301F-11D3-BF4B-00C04F79EFBC}") = "ServiceTests", "ServiceTests\ServiceTests.csproj", "{80E22301-9D9F-4C9B-A3BA-87D2758C15D6}"
EndProject
Global
	GlobalSection(SolutionConfigurationPlatforms) = preSolution
		Debug|Any CPU = Debug|Any CPU
		Release|Any CPU = Release|Any CPU
	EndGlobalSection
	GlobalSection(ProjectConfigurationPlatforms) = postSolution
		{94A6300E-D4EF-4FED-8EE6-EA0B63731598}.Debug|Any CPU.ActiveCfg = Debug|Any CPU
		{94A6300E-D4EF-4FED-8EE6-EA0B63731598}.Debug|Any CPU.Build.0 = Debug|Any CPU
		{94A6300E-D4EF-4FED-8EE6-EA0B63731598}.Release|Any CPU.ActiveCfg = Release|Any CPU
		{94A6300E-D4EF-4FED-8EE6-EA0B63731598}.Release|Any CPU.Build.0 = Release|Any CPU
		{3D178C09-12BA-4634-A60B-9486D5AE56D5}.Debug|Any CPU.ActiveCfg = Debug|Any CPU
		{3D178C09-12BA-4634-A60B-9486D5AE56D5}.Debug|Any CPU.Build.0 = Debug|Any CPU
		{3D178C09-12BA-4634-A60B-9486D5AE56D5}.Release|Any CPU.ActiveCfg = Release|Any CPU
		{3D178C09-12BA-4634-A60B-9486D5AE56D5}.Release|Any CPU.Build.0 = Release|Any CPU
		{B88694A5-408C-4424-BCB1-169DEB9AAEA1}.Debug|Any CPU.ActiveCfg = Debug|Any CPU
		{B88694A5-408C-4424-BCB1-169DEB9AAEA1}.Debug|Any CPU.Build.0 = Debug|Any CPU
		{B88694A5-408C-4424-BCB1-169DEB9AAEA1}.Release|Any CPU.ActiveCfg = Release|Any CPU
		{B88694A5-408C-4424-BCB1-169DEB9AAEA1}.Release|Any CPU.Build.0 = Release|Any CPU
		{D853F319-F867-4508-9F73-1AC420B0A16C}.Debug|Any CPU.ActiveCfg = Debug|Any CPU
		{D853F319-F867-4508-9F73-1AC420B0A16C}.Debug|Any CPU.Build.0 = Debug|Any CPU
		{D853F319-F867-4508-9F73-1AC420B0A16C}.Release|Any CPU.ActiveCfg = Release|Any CPU
		{D853F319-F867-4508-9F73-1AC420B0A16C}.Release|Any CPU.Build.0 = Release|Any CPU
		{80E22301-9D9F-4C9B-A3BA-87D2758C15D6}.Debug|Any CPU.ActiveCfg = Debug|Any CPU
		{80E22301-9D9F-4C9B-A3BA-87D2758C15D6}.Debug|Any CPU.Build.0 = Debug|Any CPU
		{80E22301-9D9F-4C9B-A3BA-87D2758C15D6}.Release|Any CPU.ActiveCfg = Release|Any CPU
		{80E22301-9D9F-4C9B-A3BA-87D2758C15D6}.Release|Any CPU.Build.0 = Release|Any CPU
	EndGlobalSection
	GlobalSection(SolutionProperties) = preSolution
		HideSolutionNode = FALSE
	EndGlobalSection
	GlobalSection(ExtensibilityGlobals) = postSolution
		SolutionGuid = {8D881FF8-FFE7-41DD-916A-3369EAB13E54}
	EndGlobalSection
EndGlobal
